{
  "originHash" : "91df9acaab2181153f8d9e5f413fc17450533640b4542f7eb67d9cdddcfd1eab",
  "pins" : [
    {
      "identity" : "swift-case-paths",
      "kind" : "remoteSourceControl",
      "location" : "https://github.com/pointfreeco/swift-case-paths",
      "state" : {
        "revision" : "bc92c4b27f9a84bfb498cdbfdf35d5a357e9161f",
        "version" : "1.5.6"
      }
    },
    {
      "identity" : "swift-parsing",
      "kind" : "remoteSourceControl",
      "location" : "https://github.com/pointfreeco/swift-parsing",
      "state" : {
        "revision" : "a0e7d73f462c1c38c59dc40a3969ac40cea42950",
        "version" : "0.13.0"
      }
    },
    {
      "identity" : "swift-syntax",
      "kind" : "remoteSourceControl",
      "location" : "https://github.com/swiftlang/swift-syntax",
      "state" : {
        "revision" : "0687f71944021d616d34d922343dcef086855920",
        "version" : "600.0.1"
      }
    },
    {
      "identity" : "xctest-dynamic-overlay",
      "kind" : "remoteSourceControl",
      "location" : "https://github.com/pointfreeco/xctest-dynamic-overlay",
      "state" : {
        "revision" : "770f990d3e4eececb57ac04a6076e22f8c97daeb",
        "version" : "1.4.2"
      }
    }
  ],
  "version" : 3
}
